
Microsoft Visual Studio Solution File, Format Version 12.00
# Visual Studio Version 17
VisualStudioVersion = 17.0.31903.59
MinimumVisualStudioVersion = 10.0.40219.1
Project("{2150E333-8FDC-42A3-9474-1A3956D46DE8}") = "src", "src", "{34F3A462-012C-4CA8-A82B-6AA54657044E}"
EndProject
Project("{FAE04EC0-301F-11D3-BF4B-00C04F79EFBC}") = "FakeBank.DomainExceptions", "src\FakeBank.DomainExceptions\FakeBank.DomainExceptions.csproj", "{0CC91661-0442-4592-9CAC-83A779EC57DD}"
EndProject
Project("{FAE04EC0-301F-11D3-BF4B-00C04F79EFBC}") = "FakeBank.ResultPattern", "src\FakeBank.ResultPattern\FakeBank.ResultPattern.csproj", "{94DA1058-54A1-4D36-89B5-3B38152A3465}"
EndProject
Global
	GlobalSection(SolutionConfigurationPlatforms) = preSolution
		Debug|Any CPU = Debug|Any CPU
		Release|Any CPU = Release|Any CPU
	EndGlobalSection
	GlobalSection(ProjectConfigurationPlatforms) = postSolution
		{0CC91661-0442-4592-9CAC-83A779EC57DD}.Debug|Any CPU.ActiveCfg = Debug|Any CPU
		{0CC91661-0442-4592-9CAC-83A779EC57DD}.Debug|Any CPU.Build.0 = Debug|Any CPU
		{0CC91661-0442-4592-9CAC-83A779EC57DD}.Release|Any CPU.ActiveCfg = Release|Any CPU
		{0CC91661-0442-4592-9CAC-83A779EC57DD}.Release|Any CPU.Build.0 = Release|Any CPU
		{94DA1058-54A1-4D36-89B5-3B38152A3465}.Debug|Any CPU.ActiveCfg = Debug|Any CPU
		{94DA1058-54A1-4D36-89B5-3B38152A3465}.Debug|Any CPU.Build.0 = Debug|Any CPU
		{94DA1058-54A1-4D36-89B5-3B38152A3465}.Release|Any CPU.ActiveCfg = Release|Any CPU
		{94DA1058-54A1-4D36-89B5-3B38152A3465}.Release|Any CPU.Build.0 = Release|Any CPU
	EndGlobalSection
	GlobalSection(SolutionProperties) = preSolution
		HideSolutionNode = FALSE
	EndGlobalSection
	GlobalSection(NestedProjects) = preSolution
		{0CC91661-0442-4592-9CAC-83A779EC57DD} = {34F3A462-012C-4CA8-A82B-6AA54657044E}
		{94DA1058-54A1-4D36-89B5-3B38152A3465} = {34F3A462-012C-4CA8-A82B-6AA54657044E}
	EndGlobalSection
	GlobalSection(ExtensibilityGlobals) = postSolution
		SolutionGuid = {05C8D423-3528-41BC-B379-0858FA58F0FF}
	EndGlobalSection
EndGlobal
